lockfileVersion: '9.0'

settings:
  autoInstallPeers: true
  excludeLinksFromLockfile: false

importers:

  .:
    dependencies:
      nanoid:
        specifier: ^5.1.6
        version: 5.1.6
      uuid:
        specifier: ^13.0.0
        version: 13.0.0

packages:

  nanoid@5.1.6:
    resolution: {integrity: sha512-c7+7RQ+dMB5dPwwCp4ee1/iV/q2P6aK1mTZcfr1BTuVlyW9hJYiMPybJCcnBlQtuSmTIWNeazm/zqNoZSSElBg==}
    engines: {node: ^18 || >=20}
    hasBin: true

  uuid@13.0.0:
    resolution: {integrity: sha512-XQegIaBTVUjSHliKqcnFqYypAd4S+WCYt5NIeRs6w/UAry7z8Y9j5ZwRRL4kzq9U3sD6v+85er9FvkEaBpji2w==}
    hasBin: true

snapshots:

  nanoid@5.1.6: {}

  uuid@13.0.0: {}
